lockfileVersion: '9.0'

settings:
  autoInstallPeers: true
  excludeLinksFromLockfile: false

importers:

  .: {}

  packages/core:
    dependencies:
      '@wt/tui':
        specifier: workspace:*
        version: link:../tui
      chalk:
        specifier: ^4.1.2
        version: 4.1.2
      commander:
        specifier: ^14.0.0
        version: 14.0.2
      rimraf:
        specifier: ^6.1.2
        version: 6.1.2
      simple-git:
        specifier: ^3.28.0
        version: 3.30.0
      zx:
        specifier: ^8.8.5
        version: 8.8.5
    devDependencies:
      '@types/node':
        specifier: ^24.0.0
        version: 24.10.4
      typescript:
        specifier: ^5.9.0
        version: 5.9.3

  packages/tui:
    dependencies:
      ink:
        specifier: ^6.5.1
        version: 6.5.1(@types/react@19.2.7)(react@19.2.3)
      node-pty:
        specifier: ^1.0.0
        version: 1.0.0
      react:
        specifier: ^19.2.3
        version: 19.2.3
      simple-git:
        specifier: ^3.28.0
        version: 3.30.0
      xterm-headless:
        specifier: ^5.3.0
        version: 5.3.0
    devDependencies:
      '@types/node':
        specifier: ^24.0.0
        version: 24.10.4
      '@types/react':
        specifier: ^19.2.7
        version: 19.2.7
      typescript:
        specifier: ^5.9.0
        version: 5.9.3

packages:

  '@alcalzone/ansi-tokenize@0.2.2':
    resolution: {integrity: sha512-mkOh+Wwawzuf5wa30bvc4nA+Qb6DIrGWgBhRR/Pw4T9nsgYait8izvXkNyU78D6Wcu3Z+KUdwCmLCxlWjEotYA==}
    engines: {node: '>=18'}

  '@isaacs/balanced-match@4.0.1':
    resolution: {integrity: sha512-yzMTt9lEb8Gv7zRioUilSglI0c0smZ9k5D65677DLWLtWJaXIS3CqcGyUFByYKlnUj6TkjLVs54fBl6+TiGQDQ==}
    engines: {node: 20 || >=22}

  '@isaacs/brace-expansion@5.0.0':
    resolution: {integrity: sha512-ZT55BDLV0yv0RBm2czMiZ+SqCGO7AvmOM3G/w2xhVPH+te0aKgFjmBvGlL1dH+ql2tgGO3MVrbb3jCKyvpgnxA==}
    engines: {node: 20 || >=22}

  '@kwsites/file-exists@1.1.1':
    resolution: {integrity: sha512-m9/5YGR18lIwxSFDwfE3oA7bWuq9kdau6ugN4H2rJeyhFQZcG9AgSHkQtSD15a8WvTgfz9aikZMrKPHvbpqFiw==}

  '@kwsites/promise-deferred@1.1.1':
    resolution: {integrity: sha512-GaHYm+c0O9MjZRu0ongGBRbinu8gVAMd2UZjji6jVmqKtZluZnptXGWhz1E8j8D2HJ3f/yMxKAUC0b+57wncIw==}

  '@types/node@24.10.4':
    resolution: {integrity: sha512-vnDVpYPMzs4wunl27jHrfmwojOGKya0xyM3sH+UE5iv5uPS6vX7UIoh6m+vQc5LGBq52HBKPIn/zcSZVzeDEZg==}

  '@types/react@19.2.7':
    resolution: {integrity: sha512-MWtvHrGZLFttgeEj28VXHxpmwYbor/ATPYbBfSFZEIRK0ecCFLl2Qo55z52Hss+UV9CRN7trSeq1zbgx7YDWWg==}

  ansi-escapes@7.2.0:
    resolution: {integrity: sha512-g6LhBsl+GBPRWGWsBtutpzBYuIIdBkLEvad5C/va/74Db018+5TZiyA26cZJAr3Rft5lprVqOIPxf5Vid6tqAw==}
    engines: {node: '>=18'}

  ansi-regex@6.2.2:
    resolution: {integrity: sha512-Bq3SmSpyFHaWjPk8If9yc6svM8c56dB5BAtW4Qbw5jHTwwXXcTLoRMkpDJp6VL0XzlWaCHTXrkFURMYmD0sLqg==}
    engines: {node: '>=12'}

  ansi-styles@4.3.0:
    resolution: {integrity: sha512-zbB9rCJAT1rbjiVDb2hqKFHNYLxgtk8NURxZ3IZwD3F6NtxbXZQCnnSi1Lkx+IDohdPlFp222wVALIheZJQSEg==}
    engines: {node: '>=8'}

  ansi-styles@6.2.3:
    resolution: {integrity: sha512-4Dj6M28JB+oAH8kFkTLUo+a2jwOFkuqb3yucU0CANcRRUbxS0cP0nZYCGjcc3BNXwRIsUVmDGgzawme7zvJHvg==}
    engines: {node: '>=12'}

  auto-bind@5.0.1:
    resolution: {integrity: sha512-ooviqdwwgfIfNmDwo94wlshcdzfO64XV0Cg6oDsDYBJfITDz1EngD2z7DkbvCWn+XIMsIqW27sEVF6qcpJrRcg==}
    engines: {node: ^12.20.0 || ^14.13.1 || >=16.0.0}

  chalk@4.1.2:
    resolution: {integrity: sha512-oKnbhFyRIXpUuez8iBMmyEa4nbj4IOQyuhc/wy9kY7/WVPcwIO9VA668Pu8RkO7+0G76SLROeyw9CpQ061i4mA==}
    engines: {node: '>=10'}

  chalk@5.6.2:
    resolution: {integrity: sha512-7NzBL0rN6fMUW+f7A6Io4h40qQlG+xGmtMxfbnH/K7TAtt8JQWVQK+6g0UXKMeVJoyV5EkkNsErQ8pVD3bLHbA==}
    engines: {node: ^12.17.0 || ^14.13 || >=16.0.0}

  cli-boxes@3.0.0:
    resolution: {integrity: sha512-/lzGpEWL/8PfI0BmBOPRwp0c/wFNX1RdUML3jK/RcSBA9T8mZDdQpqYBKtCFTOfQbwPqWEOpjqW+Fnayc0969g==}
    engines: {node: '>=10'}

  cli-cursor@4.0.0:
    resolution: {integrity: sha512-VGtlMu3x/4DOtIUwEkRezxUZ2lBacNJCHash0N0WeZDBS+7Ux1dm3XWAgWYxLJFMMdOeXMHXorshEFhbMSGelg==}
    engines: {node: ^12.20.0 || ^14.13.1 || >=16.0.0}

  cli-truncate@5.1.1:
    resolution: {integrity: sha512-SroPvNHxUnk+vIW/dOSfNqdy1sPEFkrTk6TUtqLCnBlo3N7TNYYkzzN7uSD6+jVjrdO4+p8nH7JzH6cIvUem6A==}
    engines: {node: '>=20'}

  code-excerpt@4.0.0:
    resolution: {integrity: sha512-xxodCmBen3iy2i0WtAK8FlFNrRzjUqjRsMfho58xT/wvZU1YTM3fCnRjcy1gJPMepaRlgm/0e6w8SpWHpn3/cA==}
    engines: {node: ^12.20.0 || ^14.13.1 || >=16.0.0}

  color-convert@2.0.1:
    resolution: {integrity: sha512-RRECPsj7iu/xb5oKYcsFHSppFNnsj/52OVTRKb4zP5onXwVF3zVmmToNcOfGC+CRDpfK/U584fMg38ZHCaElKQ==}
    engines: {node: '>=7.0.0'}

  color-name@1.1.4:
    resolution: {integrity: sha512-dOy+3AuW3a2wNbZHIuMZpTcgjGuLU/uBL/ubcZF9OXbDo8ff4O8yVp5Bf0efS8uEoYo5q4Fx7dY9OgQGXgAsQA==}

  commander@14.0.2:
    resolution: {integrity: sha512-TywoWNNRbhoD0BXs1P3ZEScW8W5iKrnbithIl0YH+uCmBd0QpPOA8yc82DS3BIE5Ma6FnBVUsJ7wVUDz4dvOWQ==}
    engines: {node: '>=20'}

  convert-to-spaces@2.0.1:
    resolution: {integrity: sha512-rcQ1bsQO9799wq24uE5AM2tAILy4gXGIK/njFWcVQkGNZ96edlpY+A7bjwvzjYvLDyzmG1MmMLZhpcsb+klNMQ==}
    engines: {node: ^12.20.0 || ^14.13.1 || >=16.0.0}

  csstype@3.2.3:
    resolution: {integrity: sha512-z1HGKcYy2xA8AGQfwrn0PAy+PB7X/GSj3UVJW9qKyn43xWa+gl5nXmU4qqLMRzWVLFC8KusUX8T/0kCiOYpAIQ==}

  debug@4.4.3:
    resolution: {integrity: sha512-RGwwWnwQvkVfavKVt22FGLw+xYSdzARwm0ru6DhTVA3umU5hZc28V3kO4stgYryrTlLpuvgI9GiijltAjNbcqA==}
    engines: {node: '>=6.0'}
    peerDependencies:
      supports-color: '*'
    peerDependenciesMeta:
      supports-color:
        optional: true

  emoji-regex@10.6.0:
    resolution: {integrity: sha512-toUI84YS5YmxW219erniWD0CIVOo46xGKColeNQRgOzDorgBi1v4D71/OFzgD9GO2UGKIv1C3Sp8DAn0+j5w7A==}

  environment@1.1.0:
    resolution: {integrity: sha512-xUtoPkMggbz0MPyPiIWr1Kp4aeWJjDZ6SMvURhimjdZgsRuDplF5/s9hcgGhyXMhs+6vpnuoiZ2kFiu3FMnS8Q==}
    engines: {node: '>=18'}

  es-toolkit@1.43.0:
    resolution: {integrity: sha512-SKCT8AsWvYzBBuUqMk4NPwFlSdqLpJwmy6AP322ERn8W2YLIB6JBXnwMI2Qsh2gfphT3q7EKAxKb23cvFHFwKA==}

  escape-string-regexp@2.0.0:
    resolution: {integrity: sha512-UpzcLCXolUWcNu5HtVMHYdXJjArjsF9C0aNnquZYY4uW/Vu0miy5YoWvbV345HauVvcAUnpRuhMMcqTcGOY2+w==}
    engines: {node: '>=8'}

  get-east-asian-width@1.4.0:
    resolution: {integrity: sha512-QZjmEOC+IT1uk6Rx0sX22V6uHWVwbdbxf1faPqJ1QhLdGgsRGCZoyaQBm/piRdJy/D2um6hM1UP7ZEeQ4EkP+Q==}
    engines: {node: '>=18'}

  glob@13.0.0:
    resolution: {integrity: sha512-tvZgpqk6fz4BaNZ66ZsRaZnbHvP/jG3uKJvAZOwEVUL4RTA5nJeeLYfyN9/VA8NX/V3IBG+hkeuGpKjvELkVhA==}
    engines: {node: 20 || >=22}

  has-flag@4.0.0:
    resolution: {integrity: sha512-EykJT/Q1KjTWctppgIAgfSO0tKVuZUjhgMr17kqTumMl6Afv3EISleU7qZUzoXDFTAHTDC4NOoG/ZxU3EvlMPQ==}
    engines: {node: '>=8'}

  indent-string@5.0.0:
    resolution: {integrity: sha512-m6FAo/spmsW2Ab2fU35JTYwtOKa2yAwXSwgjSv1TJzh4Mh7mC3lzAOVLBprb72XsTrgkEIsl7YrFNAiDiRhIGg==}
    engines: {node: '>=12'}

  ink@6.5.1:
    resolution: {integrity: sha512-wF3j/DmkM8q5E+OtfdQhCRw8/0ahkc8CUTgEddxZzpEWPslu7YPL3t64MWRoI9m6upVGpfAg4ms2BBvxCdKRLQ==}
    engines: {node: '>=20'}
    peerDependencies:
      '@types/react': '>=19.0.0'
      react: '>=19.0.0'
      react-devtools-core: ^6.1.2
    peerDependenciesMeta:
      '@types/react':
        optional: true
      react-devtools-core:
        optional: true

  is-fullwidth-code-point@5.1.0:
    resolution: {integrity: sha512-5XHYaSyiqADb4RnZ1Bdad6cPp8Toise4TzEjcOYDHZkTCbKgiUl7WTUCpNWHuxmDt91wnsZBc9xinNzopv3JMQ==}
    engines: {node: '>=18'}

  is-in-ci@2.0.0:
    resolution: {integrity: sha512-cFeerHriAnhrQSbpAxL37W1wcJKUUX07HyLWZCW1URJT/ra3GyUTzBgUnh24TMVfNTV2Hij2HLxkPHFZfOZy5w==}
    engines: {node: '>=20'}
    hasBin: true

  lru-cache@11.2.4:
    resolution: {integrity: sha512-B5Y16Jr9LB9dHVkh6ZevG+vAbOsNOYCX+sXvFWFu7B3Iz5mijW3zdbMyhsh8ANd2mSWBYdJgnqi+mL7/LrOPYg==}
    engines: {node: 20 || >=22}

  mimic-fn@2.1.0:
    resolution: {integrity: sha512-OqbOk5oEQeAZ8WXWydlu9HJjz9WVdEIvamMCcXmuqUYjTknH/sqsWvhQ3vgwKFRR1HpjvNBKQ37nbJgYzGqGcg==}
    engines: {node: '>=6'}

  minimatch@10.1.1:
    resolution: {integrity: sha512-enIvLvRAFZYXJzkCYG5RKmPfrFArdLv+R+lbQ53BmIMLIry74bjKzX6iHAm8WYamJkhSSEabrWN5D97XnKObjQ==}
    engines: {node: 20 || >=22}

  minipass@7.1.2:
    resolution: {integrity: sha512-qOOzS1cBTWYF4BH8fVePDBOO9iptMnGUEZwNc/cMWnTV2nVLZ7VoNWEPHkYczZA0pdoA7dl6e7FL659nX9S2aw==}
    engines: {node: '>=16 || 14 >=14.17'}

  ms@2.1.3:
    resolution: {integrity: sha512-6FlzubTLZG3J2a/NVCAleEhjzq5oxgHyaCU9yYXvcLsvoVaHJq/s5xXI6/XXP6tz7R9xAOtHnSO/tXtF3WRTlA==}

  nan@2.24.0:
    resolution: {integrity: sha512-Vpf9qnVW1RaDkoNKFUvfxqAbtI8ncb8OJlqZ9wwpXzWPEsvsB1nvdUi6oYrHIkQ1Y/tMDnr1h4nczS0VB9Xykg==}

  node-pty@1.0.0:
    resolution: {integrity: sha512-wtBMWWS7dFZm/VgqElrTvtfMq4GzJ6+edFI0Y0zyzygUSZMgZdraDUMUhCIvkjhJjme15qWmbyJbtAx4ot4uZA==}

  onetime@5.1.2:
    resolution: {integrity: sha512-kbpaSSGJTWdAY5KPVeMOKXSrPtr8C8C7wodJbcsd51jRnmD+GZu8Y0VoU6Dm5Z4vWr0Ig/1NKuWRKf7j5aaYSg==}
    engines: {node: '>=6'}

  package-json-from-dist@1.0.1:
    resolution: {integrity: sha512-UEZIS3/by4OC8vL3P2dTXRETpebLI2NiI5vIrjaD/5UtrkFX/tNbwjTSRAGC/+7CAo2pIcBaRgWmcBBHcsaCIw==}

  patch-console@2.0.0:
    resolution: {integrity: sha512-0YNdUceMdaQwoKce1gatDScmMo5pu/tfABfnzEqeG0gtTmd7mh/WcwgUjtAeOU7N8nFFlbQBnFK2gXW5fGvmMA==}
    engines: {node: ^12.20.0 || ^14.13.1 || >=16.0.0}

  path-scurry@2.0.1:
    resolution: {integrity: sha512-oWyT4gICAu+kaA7QWk/jvCHWarMKNs6pXOGWKDTr7cw4IGcUbW+PeTfbaQiLGheFRpjo6O9J0PmyMfQPjH71oA==}
    engines: {node: 20 || >=22}

  react-reconciler@0.33.0:
    resolution: {integrity: sha512-KetWRytFv1epdpJc3J4G75I4WrplZE5jOL7Yq0p34+OVOKF4Se7WrdIdVC45XsSSmUTlht2FM/fM1FZb1mfQeA==}
    engines: {node: '>=0.10.0'}
    peerDependencies:
      react: ^19.2.0

  react@19.2.3:
    resolution: {integrity: sha512-Ku/hhYbVjOQnXDZFv2+RibmLFGwFdeeKHFcOTlrt7xplBnya5OGn/hIRDsqDiSUcfORsDC7MPxwork8jBwsIWA==}
    engines: {node: '>=0.10.0'}

  restore-cursor@4.0.0:
    resolution: {integrity: sha512-I9fPXU9geO9bHOt9pHHOhOkYerIMsmVaWB0rA2AI9ERh/+x/i7MV5HKBNrg+ljO5eoPVgCcnFuRjJ9uH6I/3eg==}
    engines: {node: ^12.20.0 || ^14.13.1 || >=16.0.0}

  rimraf@6.1.2:
    resolution: {integrity: sha512-cFCkPslJv7BAXJsYlK1dZsbP8/ZNLkCAQ0bi1hf5EKX2QHegmDFEFA6QhuYJlk7UDdc+02JjO80YSOrWPpw06g==}
    engines: {node: 20 || >=22}
    hasBin: true

  scheduler@0.27.0:
    resolution: {integrity: sha512-eNv+WrVbKu1f3vbYJT/xtiF5syA5HPIMtf9IgY/nKg0sWqzAUEvqY/xm7OcZc/qafLx/iO9FgOmeSAp4v5ti/Q==}

  signal-exit@3.0.7:
    resolution: {integrity: sha512-wnD2ZE+l+SPC/uoS0vXeE9L1+0wuaMqKlfz9AMUo38JsyLSBWSFcHR1Rri62LZc12vLr1gb3jl7iwQhgwpAbGQ==}

  simple-git@3.30.0:
    resolution: {integrity: sha512-q6lxyDsCmEal/MEGhP1aVyQ3oxnagGlBDOVSIB4XUVLl1iZh0Pah6ebC9V4xBap/RfgP2WlI8EKs0WS0rMEJHg==}

  slice-ansi@7.1.2:
    resolution: {integrity: sha512-iOBWFgUX7caIZiuutICxVgX1SdxwAVFFKwt1EvMYYec/NWO5meOJ6K5uQxhrYBdQJne4KxiqZc+KptFOWFSI9w==}
    engines: {node: '>=18'}

  stack-utils@2.0.6:
    resolution: {integrity: sha512-XlkWvfIm6RmsWtNJx+uqtKLS8eqFbxUg0ZzLXqY0caEy9l7hruX8IpiDnjsLavoBgqCCR71TqWO8MaXYheJ3RQ==}
    engines: {node: '>=10'}

  string-width@7.2.0:
    resolution: {integrity: sha512-tsaTIkKW9b4N+AEj+SVA+WhJzV7/zMhcSu78mLKWSk7cXMOSHsBKFWUs0fWwq8QyK3MgJBQRX6Gbi4kYbdvGkQ==}
    engines: {node: '>=18'}

  string-width@8.1.0:
    resolution: {integrity: sha512-Kxl3KJGb/gxkaUMOjRsQ8IrXiGW75O4E3RPjFIINOVH8AMl2SQ/yWdTzWwF3FevIX9LcMAjJW+GRwAlAbTSXdg==}
    engines: {node: '>=20'}

  strip-ansi@7.1.2:
    resolution: {integrity: sha512-gmBGslpoQJtgnMAvOVqGZpEz9dyoKTCzy2nfz/n8aIFhN/jCE/rCmcxabB6jOOHV+0WNnylOxaxBQPSvcWklhA==}
    engines: {node: '>=12'}

  supports-color@7.2.0:
    resolution: {integrity: sha512-qpCAvRl9stuOHveKsn7HncJRvv501qIacKzQlO/+Lwxc9+0q2wLyv4Dfvt80/DPn2pqOBsJdDiogXGR9+OvwRw==}
    engines: {node: '>=8'}

  type-fest@4.41.0:
    resolution: {integrity: sha512-TeTSQ6H5YHvpqVwBRcnLDCBnDOHWYu7IvGbHT6N8AOymcr9PJGjc1GTtiWZTYg0NCgYwvnYWEkVChQAr9bjfwA==}
    engines: {node: '>=16'}

  typescript@5.9.3:
    resolution: {integrity: sha512-jl1vZzPDinLr9eUt3J/t7V6FgNEw9QjvBPdysz9KfQDD41fQrC2Y4vKQdiaUpFT4bXlb1RHhLpp8wtm6M5TgSw==}
    engines: {node: '>=14.17'}
    hasBin: true

  undici-types@7.16.0:
    resolution: {integrity: sha512-Zz+aZWSj8LE6zoxD+xrjh4VfkIG8Ya6LvYkZqtUQGJPZjYl53ypCaUwWqo7eI0x66KBGeRo+mlBEkMSeSZ38Nw==}

  widest-line@5.0.0:
    resolution: {integrity: sha512-c9bZp7b5YtRj2wOe6dlj32MK+Bx/M/d+9VB2SHM1OtsUHR0aV0tdP6DWh/iMt0kWi1t5g1Iudu6hQRNd1A4PVA==}
    engines: {node: '>=18'}

  wrap-ansi@9.0.2:
    resolution: {integrity: sha512-42AtmgqjV+X1VpdOfyTGOYRi0/zsoLqtXQckTmqTeybT+BDIbM/Guxo7x3pE2vtpr1ok6xRqM9OpBe+Jyoqyww==}
    engines: {node: '>=18'}

  ws@8.18.3:
    resolution: {integrity: sha512-PEIGCY5tSlUt50cqyMXfCzX+oOPqN0vuGqWzbcJ2xvnkzkq46oOpz7dQaTDBdfICb4N14+GARUDw2XV2N4tvzg==}
    engines: {node: '>=10.0.0'}
    peerDependencies:
      bufferutil: ^4.0.1
      utf-8-validate: '>=5.0.2'
    peerDependenciesMeta:
      bufferutil:
        optional: true
      utf-8-validate:
        optional: true

  xterm-headless@5.3.0:
    resolution: {integrity: sha512-HjKkEgvjlyXfZvI0LdQChOqGL5nDiXge6X2IvoQbOn+oavAKUCX9hKHtDxmWVwxgNCCvXDnfQCYL+3wyHQ9PXA==}
    deprecated: This package is now deprecated. Move to @xterm/headless instead.

  yoga-layout@3.2.1:
    resolution: {integrity: sha512-0LPOt3AxKqMdFBZA3HBAt/t/8vIKq7VaQYbuA8WxCgung+p9TVyKRYdpvCb80HcdTN2NkbIKbhNwKUfm3tQywQ==}

  zx@8.8.5:
    resolution: {integrity: sha512-SNgDF5L0gfN7FwVOdEFguY3orU5AkfFZm9B5YSHog/UDHv+lvmd82ZAsOenOkQixigwH2+yyH198AwNdKhj+RA==}
    engines: {node: '>= 12.17.0'}
    hasBin: true

snapshots:

  '@alcalzone/ansi-tokenize@0.2.2':
    dependencies:
      ansi-styles: 6.2.3
      is-fullwidth-code-point: 5.1.0

  '@isaacs/balanced-match@4.0.1': {}

  '@isaacs/brace-expansion@5.0.0':
    dependencies:
      '@isaacs/balanced-match': 4.0.1

  '@kwsites/file-exists@1.1.1':
    dependencies:
      debug: 4.4.3
    transitivePeerDependencies:
      - supports-color

  '@kwsites/promise-deferred@1.1.1': {}

  '@types/node@24.10.4':
    dependencies:
      undici-types: 7.16.0

  '@types/react@19.2.7':
    dependencies:
      csstype: 3.2.3

  ansi-escapes@7.2.0:
    dependencies:
      environment: 1.1.0

  ansi-regex@6.2.2: {}

  ansi-styles@4.3.0:
    dependencies:
      color-convert: 2.0.1

  ansi-styles@6.2.3: {}

  auto-bind@5.0.1: {}

  chalk@4.1.2:
    dependencies:
      ansi-styles: 4.3.0
      supports-color: 7.2.0

  chalk@5.6.2: {}

  cli-boxes@3.0.0: {}

  cli-cursor@4.0.0:
    dependencies:
      restore-cursor: 4.0.0

  cli-truncate@5.1.1:
    dependencies:
      slice-ansi: 7.1.2
      string-width: 8.1.0

  code-excerpt@4.0.0:
    dependencies:
      convert-to-spaces: 2.0.1

  color-convert@2.0.1:
    dependencies:
      color-name: 1.1.4

  color-name@1.1.4: {}

  commander@14.0.2: {}

  convert-to-spaces@2.0.1: {}

  csstype@3.2.3: {}

  debug@4.4.3:
    dependencies:
      ms: 2.1.3

  emoji-regex@10.6.0: {}

  environment@1.1.0: {}

  es-toolkit@1.43.0: {}

  escape-string-regexp@2.0.0: {}

  get-east-asian-width@1.4.0: {}

  glob@13.0.0:
    dependencies:
      minimatch: 10.1.1
      minipass: 7.1.2
      path-scurry: 2.0.1

  has-flag@4.0.0: {}

  indent-string@5.0.0: {}

  ink@6.5.1(@types/react@19.2.7)(react@19.2.3):
    dependencies:
      '@alcalzone/ansi-tokenize': 0.2.2
      ansi-escapes: 7.2.0
      ansi-styles: 6.2.3
      auto-bind: 5.0.1
      chalk: 5.6.2
      cli-boxes: 3.0.0
      cli-cursor: 4.0.0
      cli-truncate: 5.1.1
      code-excerpt: 4.0.0
      es-toolkit: 1.43.0
      indent-string: 5.0.0
      is-in-ci: 2.0.0
      patch-console: 2.0.0
      react: 19.2.3
      react-reconciler: 0.33.0(react@19.2.3)
      signal-exit: 3.0.7
      slice-ansi: 7.1.2
      stack-utils: 2.0.6
      string-width: 8.1.0
      type-fest: 4.41.0
      widest-line: 5.0.0
      wrap-ansi: 9.0.2
      ws: 8.18.3
      yoga-layout: 3.2.1
    optionalDependencies:
      '@types/react': 19.2.7
    transitivePeerDependencies:
      - bufferutil
      - utf-8-validate

  is-fullwidth-code-point@5.1.0:
    dependencies:
      get-east-asian-width: 1.4.0

  is-in-ci@2.0.0: {}

  lru-cache@11.2.4: {}

  mimic-fn@2.1.0: {}

  minimatch@10.1.1:
    dependencies:
      '@isaacs/brace-expansion': 5.0.0

  minipass@7.1.2: {}

  ms@2.1.3: {}

  nan@2.24.0: {}

  node-pty@1.0.0:
    dependencies:
      nan: 2.24.0

  onetime@5.1.2:
    dependencies:
      mimic-fn: 2.1.0

  package-json-from-dist@1.0.1: {}

  patch-console@2.0.0: {}

  path-scurry@2.0.1:
    dependencies:
      lru-cache: 11.2.4
      minipass: 7.1.2

  react-reconciler@0.33.0(react@19.2.3):
    dependencies:
      react: 19.2.3
      scheduler: 0.27.0

  react@19.2.3: {}

  restore-cursor@4.0.0:
    dependencies:
      onetime: 5.1.2
      signal-exit: 3.0.7

  rimraf@6.1.2:
    dependencies:
      glob: 13.0.0
      package-json-from-dist: 1.0.1

  scheduler@0.27.0: {}

  signal-exit@3.0.7: {}

  simple-git@3.30.0:
    dependencies:
      '@kwsites/file-exists': 1.1.1
      '@kwsites/promise-deferred': 1.1.1
      debug: 4.4.3
    transitivePeerDependencies:
      - supports-color

  slice-ansi@7.1.2:
    dependencies:
      ansi-styles: 6.2.3
      is-fullwidth-code-point: 5.1.0

  stack-utils@2.0.6:
    dependencies:
      escape-string-regexp: 2.0.0

  string-width@7.2.0:
    dependencies:
      emoji-regex: 10.6.0
      get-east-asian-width: 1.4.0
      strip-ansi: 7.1.2

  string-width@8.1.0:
    dependencies:
      get-east-asian-width: 1.4.0
      strip-ansi: 7.1.2

  strip-ansi@7.1.2:
    dependencies:
      ansi-regex: 6.2.2

  supports-color@7.2.0:
    dependencies:
      has-flag: 4.0.0

  type-fest@4.41.0: {}

  typescript@5.9.3: {}

  undici-types@7.16.0: {}

  widest-line@5.0.0:
    dependencies:
      string-width: 7.2.0

  wrap-ansi@9.0.2:
    dependencies:
      ansi-styles: 6.2.3
      string-width: 7.2.0
      strip-ansi: 7.1.2

  ws@8.18.3: {}

  xterm-headless@5.3.0: {}

  yoga-layout@3.2.1: {}

  zx@8.8.5: {}
